
Microsoft Visual Studio Solution File, Format Version 12.00
# Visual Studio Version 16
VisualStudioVersion = 16.0.30907.101
MinimumVisualStudioVersion = 10.0.40219.1
Project("{FAE04EC0-301F-11D3-BF4B-00C04F79EFBC}") = "StringCal", "StringCal\StringCal.csproj", "{4268D872-EC8C-4E97-95BC-11E7C2A788FA}"
EndProject
Global
	GlobalSection(SolutionConfigurationPlatforms) = preSolution
		Debug|Any CPU = Debug|Any CPU
		Release|Any CPU = Release|Any CPU
	EndGlobalSection
	GlobalSection(ProjectConfigurationPlatforms) = postSolution
		{4268D872-EC8C-4E97-95BC-11E7C2A788FA}.Debug|Any CPU.ActiveCfg = Debug|Any CPU
		{4268D872-EC8C-4E97-95BC-11E7C2A788FA}.Debug|Any CPU.Build.0 = Debug|Any CPU
		{4268D872-EC8C-4E97-95BC-11E7C2A788FA}.Release|Any CPU.ActiveCfg = Release|Any CPU
		{4268D872-EC8C-4E97-95BC-11E7C2A788FA}.Release|Any CPU.Build.0 = Release|Any CPU
	EndGlobalSection
	GlobalSection(SolutionProperties) = preSolution
		HideSolutionNode = FALSE
	EndGlobalSection
	GlobalSection(ExtensibilityGlobals) = postSolution
		SolutionGuid = {EC337E9D-6064-462F-98A9-640C121B4463}
	EndGlobalSection
EndGlobal
